
Microsoft Visual Studio Solution File, Format Version 12.00
# Visual Studio Version 16
VisualStudioVersion = 16.0.28729.10
MinimumVisualStudioVersion = 10.0.40219.1
Project("{FAE04EC0-301F-11D3-BF4B-00C04F79EFBC}") = "VentaSnacks", "VentaSnacks\VentaSnacks.csproj", "{38E41480-01C0-4C16-A03E-520D443F52C2}"
EndProject
Project("{FAE04EC0-301F-11D3-BF4B-00C04F79EFBC}") = "TestVentaSnack", "TestVentaSnack\TestVentaSnack.csproj", "{4D2864EC-F036-45FE-824A-43B066AF2520}"
EndProject
Global
	GlobalSection(SolutionConfigurationPlatforms) = preSolution
		Debug|Any CPU = Debug|Any CPU
		Release|Any CPU = Release|Any CPU
	EndGlobalSection
	GlobalSection(ProjectConfigurationPlatforms) = postSolution
		{38E41480-01C0-4C16-A03E-520D443F52C2}.Debug|Any CPU.ActiveCfg = Debug|Any CPU
		{38E41480-01C0-4C16-A03E-520D443F52C2}.Debug|Any CPU.Build.0 = Debug|Any CPU
		{38E41480-01C0-4C16-A03E-520D443F52C2}.Release|Any CPU.ActiveCfg = Release|Any CPU
		{38E41480-01C0-4C16-A03E-520D443F52C2}.Release|Any CPU.Build.0 = Release|Any CPU
		{4D2864EC-F036-45FE-824A-43B066AF2520}.Debug|Any CPU.ActiveCfg = Debug|Any CPU
		{4D2864EC-F036-45FE-824A-43B066AF2520}.Debug|Any CPU.Build.0 = Debug|Any CPU
		{4D2864EC-F036-45FE-824A-43B066AF2520}.Release|Any CPU.ActiveCfg = Release|Any CPU
		{4D2864EC-F036-45FE-824A-43B066AF2520}.Release|Any CPU.Build.0 = Release|Any CPU
	EndGlobalSection
	GlobalSection(SolutionProperties) = preSolution
		HideSolutionNode = FALSE
	EndGlobalSection
	GlobalSection(ExtensibilityGlobals) = postSolution
		SolutionGuid = {D0BE9163-C1CC-483B-BDB1-6B1FFF6183AE}
	EndGlobalSection
EndGlobal
